// !$*UTF8*$!
{
	archiveVersion = 1;
	classes = {
	};
	objectVersion = 55;
	objects = {

/* Begin PBXBuildFile section */
		031AAD1227D79ABD004BD68D /* AppDelegate.swift in Sources */ = {isa = PBXBuildFile; fileRef = 031AAD1127D79ABD004BD68D /* AppDelegate.swift */; };
		031AAD1427D79ABD004BD68D /* SceneDelegate.swift in Sources */ = {isa = PBXBuildFile; fileRef = 031AAD1327D79ABD004BD68D /* SceneDelegate.swift */; };
		031AAD1627D79ABD004BD68D /* ViewController.swift in Sources */ = {isa = PBXBuildFile; fileRef = 031AAD1527D79ABD004BD68D /* ViewController.swift */; };
		031AAD1927D79ABD004BD68D /* Main.storyboard in Resources */ = {isa = PBXBuildFile; fileRef = 031AAD1727D79ABD004BD68D /* Main.storyboard */; };
		031AAD1B27D79ABF004BD68D /* Assets.xcassets in Resources */ = {isa = PBXBuildFile; fileRef = 031AAD1A27D79ABF004BD68D /* Assets.xcassets */; };
		031AAD1E27D79ABF004BD68D /* LaunchScreen.storyboard in Resources */ = {isa = PBXBuildFile; fileRef = 031AAD1C27D79ABF004BD68D /* LaunchScreen.storyboard */; };
		031AAD2D27D7A774004BD68D /* buttton1.jpg in Resources */ = {isa = PBXBuildFile; fileRef = 031AAD2C27D7A774004BD68D /* buttton1.jpg */; };
		031AAD2F27D7AA92004BD68D /* TableViewCell.swift in Sources */ = {isa = PBXBuildFile; fileRef = 031AAD2E27D7AA92004BD68D /* TableViewCell.swift */; };
		031AAD3127D7AABE004BD68D /* DetailViewController.swift in Sources */ = {isa = PBXBuildFile; fileRef = 031AAD3027D7AABE004BD68D /* DetailViewController.swift */; };
		031AAD3327D9E36F004BD68D /* Currency.swift in Sources */ = {isa = PBXBuildFile; fileRef = 031AAD3227D9E36F004BD68D /* Currency.swift */; };
		031AAD3527D9F53B004BD68D /* default.jpg in Resources */ = {isa = PBXBuildFile; fileRef = 031AAD3427D9F53B004BD68D /* default.jpg */; };
		031AAD3C27DCE4F1004BD68D /* JPY.png in Resources */ = {isa = PBXBuildFile; fileRef = 031AAD3727DCE4F1004BD68D /* JPY.png */; };
		031AAD3D27DCE4F1004BD68D /* TRY.png in Resources */ = {isa = PBXBuildFile; fileRef = 031AAD3827DCE4F1004BD68D /* TRY.png */; };
		031AAD3E27DCE4F1004BD68D /* USD.png in Resources */ = {isa = PBXBuildFile; fileRef = 031AAD3927DCE4F1004BD68D /* USD.png */; };
		031AAD3F27DCE4F2004BD68D /* GBP.png in Resources */ = {isa = PBXBuildFile; fileRef = 031AAD3A27DCE4F1004BD68D /* GBP.png */; };
		031AAD4027DCE4F2004BD68D /* EUR.png in Resources */ = {isa = PBXBuildFile; fileRef = 031AAD3B27DCE4F1004BD68D /* EUR.png */; };
/* End PBXBuildFile section */

/* Begin PBXFileReference section */
		031AAD0E27D79ABD004BD68D /* CurrencyApp.app */ = {isa = PBXFileReference; explicitFileType = wrapper.application; includeInIndex = 0; path = CurrencyApp.app; sourceTree = BUILT_PRODUCTS_DIR; };
		031AAD1127D79ABD004BD68D /* AppDelegate.swift */ = {isa = PBXFileReference; lastKnownFileType = sourcecode.swift; path = AppDelegate.swift; sourceTree = "<group>"; };
		031AAD1327D79ABD004BD68D /* SceneDelegate.swift */ = {isa = PBXFileReference; lastKnownFileType = sourcecode.swift; path = SceneDelegate.swift; sourceTree = "<group>"; };
		031AAD1527D79ABD004BD68D /* ViewController.swift */ = {isa = PBXFileReference; lastKnownFileType = sourcecode.swift; path = ViewController.swift; sourceTree = "<group>"; };
		031AAD1827D79ABD004BD68D /* Base */ = {isa = PBXFileReference; lastKnownFileType = file.storyboard; name = Base; path = Base.lproj/Main.storyboard; sourceTree = "<group>"; };
		031AAD1A27D79ABF004BD68D /* Assets.xcassets */ = {isa = PBXFileReference; lastKnownFileType = folder.assetcatalog; path = Assets.xcassets; sourceTree = "<group>"; };
		031AAD1D27D79ABF004BD68D /* Base */ = {isa = PBXFileReference; lastKnownFileType = file.storyboard; name = Base; path = Base.lproj/LaunchScreen.storyboard; sourceTree = "<group>"; };
		031AAD1F27D79ABF004BD68D /* Info.plist */ = {isa = PBXFileReference; lastKnownFileType = text.plist.xml; path = Info.plist; sourceTree = "<group>"; };
		031AAD2C27D7A774004BD68D /* buttton1.jpg */ = {isa = PBXFileReference; lastKnownFileType = image.jpeg; path = buttton1.jpg; sourceTree = "<group>"; };
		031AAD2E27D7AA92004BD68D /* TableViewCell.swift */ = {isa = PBXFileReference; lastKnownFileType = sourcecode.swift; path = TableViewCell.swift; sourceTree = "<group>"; };
		031AAD3027D7AABE004BD68D /* DetailViewController.swift */ = {isa = PBXFileReference; lastKnownFileType = sourcecode.swift; path = DetailViewController.swift; sourceTree = "<group>"; };
		031AAD3227D9E36F004BD68D /* Currency.swift */ = {isa = PBXFileReference; lastKnownFileType = sourcecode.swift; path = Currency.swift; sourceTree = "<group>"; };
		031AAD3427D9F53B004BD68D /* default.jpg */ = {isa = PBXFileReference; lastKnownFileType = image.jpeg; path = default.jpg; sourceTree = "<group>"; };
		031AAD3727DCE4F1004BD68D /* JPY.png */ = {isa = PBXFileReference; lastKnownFileType = image.png; path = JPY.png; sourceTree = "<group>"; };
		031AAD3827DCE4F1004BD68D /* TRY.png */ = {isa = PBXFileReference; lastKnownFileType = image.png; path = TRY.png; sourceTree = "<group>"; };
		031AAD3927DCE4F1004BD68D /* USD.png */ = {isa = PBXFileReference; lastKnownFileType = image.png; path = USD.png; sourceTree = "<group>"; };
		031AAD3A27DCE4F1004BD68D /* GBP.png */ = {isa = PBXFileReference; lastKnownFileType = image.png; path = GBP.png; sourceTree = "<group>"; };
		031AAD3B27DCE4F1004BD68D /* EUR.png */ = {isa = PBXFileReference; lastKnownFileType = image.png; path = EUR.png; sourceTree = "<group>"; };
/* End PBXFileReference section */

/* Begin PBXFrameworksBuildPhase section */
		031AAD0B27D79ABD004BD68D /* Frameworks */ = {
			isa = PBXFrameworksBuildPhase;
			buildActionMask = 2147483647;
			files = (
			);
			runOnlyForDeploymentPostprocessing = 0;
		};
/* End PBXFrameworksBuildPhase section */

/* Begin PBXGroup section */
		031AAD0527D79ABD004BD68D = {
			isa = PBXGroup;
			children = (
				031AAD1027D79ABD004BD68D /* CurrencyApp */,
				031AAD0F27D79ABD004BD68D /* Products */,
			);
			sourceTree = "<group>";
		};
		031AAD0F27D79ABD004BD68D /* Products */ = {
			isa = PBXGroup;
			children = (
				031AAD0E27D79ABD004BD68D /* CurrencyApp.app */,
			);
			name = Products;
			sourceTree = "<group>";
		};
		031AAD1027D79ABD004BD68D /* CurrencyApp */ = {
			isa = PBXGroup;
			children = (
				031AAD3027D7AABE004BD68D /* DetailViewController.swift */,
				031AAD1127D79ABD004BD68D /* AppDelegate.swift */,
				031AAD1327D79ABD004BD68D /* SceneDelegate.swift */,
				031AAD1527D79ABD004BD68D /* ViewController.swift */,
				031AAD1727D79ABD004BD68D /* Main.storyboard */,
				031AAD2727D79F06004BD68D /* images */,
				031AAD1A27D79ABF004BD68D /* Assets.xcassets */,
				031AAD1C27D79ABF004BD68D /* LaunchScreen.storyboard */,
				031AAD1F27D79ABF004BD68D /* Info.plist */,
				031AAD2E27D7AA92004BD68D /* TableViewCell.swift */,
				031AAD3227D9E36F004BD68D /* Currency.swift */,
			);
			path = CurrencyApp;
			sourceTree = "<group>";
		};
		031AAD2727D79F06004BD68D /* images */ = {
			isa = PBXGroup;
			children = (
				031AAD3627DCE1A6004BD68D /* flags */,
				031AAD3427D9F53B004BD68D /* default.jpg */,
				031AAD2C27D7A774004BD68D /* buttton1.jpg */,
			);
			path = images;
			sourceTree = "<group>";
		};
		031AAD3627DCE1A6004BD68D /* flags */ = {
			isa = PBXGroup;
			children = (
				031AAD3B27DCE4F1004BD68D /* EUR.png */,
				031AAD3A27DCE4F1004BD68D /* GBP.png */,
				031AAD3727DCE4F1004BD68D /* JPY.png */,
				031AAD3827DCE4F1004BD68D /* TRY.png */,
				031AAD3927DCE4F1004BD68D /* USD.png */,
			);
			path = flags;
			sourceTree = "<group>";
		};
/* End PBXGroup section */

/* Begin PBXNativeTarget section */
		031AAD0D27D79ABD004BD68D /* CurrencyApp */ = {
			isa = PBXNativeTarget;
			buildConfigurationList = 031AAD2227D79ABF004BD68D /* Build configuration list for PBXNativeTarget "CurrencyApp" */;
			buildPhases = (
				031AAD0A27D79ABD004BD68D /* Sources */,
				031AAD0B27D79ABD004BD68D /* Frameworks */,
				031AAD0C27D79ABD004BD68D /* Resources */,
			);
			buildRules = (
			);
			dependencies = (
			);
			name = CurrencyApp;
			productName = CurrencyApp;
			productReference = 031AAD0E27D79ABD004BD68D /* CurrencyApp.app */;
			productType = "com.apple.product-type.application";
		};
/* End PBXNativeTarget section */

/* Begin PBXProject section */
		031AAD0627D79ABD004BD68D /* Project object */ = {
			isa = PBXProject;
			attributes = {
				BuildIndependentTargetsInParallel = 1;
				LastSwiftUpdateCheck = 1320;
				LastUpgradeCheck = 1320;
				TargetAttributes = {
					031AAD0D27D79ABD004BD68D = {
						CreatedOnToolsVersion = 13.2.1;
					};
				};
			};
			buildConfigurationList = 031AAD0927D79ABD004BD68D /* Build configuration list for PBXProject "CurrencyApp" */;
			compatibilityVersion = "Xcode 13.0";
			developmentRegion = en;
			hasScannedForEncodings = 0;
			knownRegions = (
				en,
				Base,
			);
			mainGroup = 031AAD0527D79ABD004BD68D;
			productRefGroup = 031AAD0F27D79ABD004BD68D /* Products */;
			projectDirPath = "";
			projectRoot = "";
			targets = (
				031AAD0D27D79ABD004BD68D /* CurrencyApp */,
			);
		};
/* End PBXProject section */

/* Begin PBXResourcesBuildPhase section */
		031AAD0C27D79ABD004BD68D /* Resources */ = {
			isa = PBXResourcesBuildPhase;
			buildActionMask = 2147483647;
			files = (
				031AAD3F27DCE4F2004BD68D /* GBP.png in Resources */,
				031AAD1E27D79ABF004BD68D /* LaunchScreen.storyboard in Resources */,
				031AAD1B27D79ABF004BD68D /* Assets.xcassets in Resources */,
				031AAD1927D79ABD004BD68D /* Main.storyboard in Resources */,
				031AAD3C27DCE4F1004BD68D /* JPY.png in Resources */,
				031AAD2D27D7A774004BD68D /* buttton1.jpg in Resources */,
				031AAD3527D9F53B004BD68D /* default.jpg in Resources */,
				031AAD3E27DCE4F1004BD68D /* USD.png in Resources */,
				031AAD4027DCE4F2004BD68D /* EUR.png in Resources */,
				031AAD3D27DCE4F1004BD68D /* TRY.png in Resources */,
			);
			runOnlyForDeploymentPostprocessing = 0;
		};
/* End PBXResourcesBuildPhase section */

/* Begin PBXSourcesBuildPhase section */
		031AAD0A27D79ABD004BD68D /* Sources */ = {
			isa = PBXSourcesBuildPhase;
			buildActionMask = 2147483647;
			files = (
				031AAD3327D9E36F004BD68D /* Currency.swift in Sources */,
				031AAD1627D79ABD004BD68D /* ViewController.swift in Sources */,
				031AAD2F27D7AA92004BD68D /* TableViewCell.swift in Sources */,
				031AAD3127D7AABE004BD68D /* DetailViewController.swift in Sources */,
				031AAD1227D79ABD004BD68D /* AppDelegate.swift in Sources */,
				031AAD1427D79ABD004BD68D /* SceneDelegate.swift in Sources */,
			);
			runOnlyForDeploymentPostprocessing = 0;
		};
/* End PBXSourcesBuildPhase section */

/* Begin PBXVariantGroup section */
		031AAD1727D79ABD004BD68D /* Main.storyboard */ = {
			isa = PBXVariantGroup;
			children = (
				031AAD1827D79ABD004BD68D /* Base */,
			);
			name = Main.storyboard;
			sourceTree = "<group>";
		};
		031AAD1C27D79ABF004BD68D /* LaunchScreen.storyboard */ = {
			isa = PBXVariantGroup;
			children = (
				031AAD1D27D79ABF004BD68D /* Base */,
			);
			name = LaunchScreen.storyboard;
			sourceTree = "<group>";
		};
/* End PBXVariantGroup section */

/* Begin XCBuildConfiguration section */
		031AAD2027D79ABF004BD68D /* Debug */ = {
			isa = XCBuildConfiguration;
			buildSettings = {
				ALWAYS_SEARCH_USER_PATHS = NO;
				CLANG_ANALYZER_NONNULL = YES;
				CLANG_ANALYZER_NUMBER_OBJECT_CONVERSION = YES_AGGRESSIVE;
				CLANG_CXX_LANGUAGE_STANDARD = "gnu++17";
				CLANG_CXX_LIBRARY = "libc++";
				CLANG_ENABLE_MODULES = YES;
				CLANG_ENABLE_OBJC_ARC = YES;
				CLANG_ENABLE_OBJC_WEAK = YES;
				CLANG_WARN_BLOCK_CAPTURE_AUTORELEASING = YES;
				CLANG_WARN_BOOL_CONVERSION = YES;
				CLANG_WARN_COMMA = YES;
				CLANG_WARN_CONSTANT_CONVERSION = YES;
				CLANG_WARN_DEPRECATED_OBJC_IMPLEMENTATIONS = YES;
				CLANG_WARN_DIRECT_OBJC_ISA_USAGE = YES_ERROR;
				CLANG_WARN_DOCUMENTATION_COMMENTS = YES;
				CLANG_WARN_EMPTY_BODY = YES;
				CLANG_WARN_ENUM_CONVERSION = YES;
				CLANG_WARN_INFINITE_RECURSION = YES;
				CLANG_WARN_INT_CONVERSION = YES;
				CLANG_WARN_NON_LITERAL_NULL_CONVERSION = YES;
				CLANG_WARN_OBJC_IMPLICIT_RETAIN_SELF = YES;
				CLANG_WARN_OBJC_LITERAL_CONVERSION = YES;
				CLANG_WARN_OBJC_ROOT_CLASS = YES_ERROR;
				CLANG_WARN_QUOTED_INCLUDE_IN_FRAMEWORK_HEADER = YES;
				CLANG_WARN_RANGE_LOOP_ANALYSIS = YES;
				CLANG_WARN_STRICT_PROTOTYPES = YES;
				CLANG_WARN_SUSPICIOUS_MOVE = YES;
				CLANG_WARN_UNGUARDED_AVAILABILITY = YES_AGGRESSIVE;
				CLANG_WARN_UNREACHABLE_CODE = YES;
				CLANG_WARN__DUPLICATE_METHOD_MATCH = YES;
				COPY_PHASE_STRIP = NO;
				DEBUG_INFORMATION_FORMAT = dwarf;
				ENABLE_STRICT_OBJC_MSGSEND = YES;
				ENABLE_TESTABILITY = YES;
				GCC_C_LANGUAGE_STANDARD = gnu11;
				GCC_DYNAMIC_NO_PIC = NO;
				GCC_NO_COMMON_BLOCKS = YES;
				GCC_OPTIMIZATION_LEVEL = 0;
				GCC_PREPROCESSOR_DEFINITIONS = (
					"DEBUG=1",
					"$(inherited)",
				);
				GCC_WARN_64_TO_32_BIT_CONVERSION = YES;
				GCC_WARN_ABOUT_RETURN_TYPE = YES_ERROR;
				GCC_WARN_UNDECLARED_SELECTOR = YES;
				GCC_WARN_UNINITIALIZED_AUTOS = YES_AGGRESSIVE;
				GCC_WARN_UNUSED_FUNCTION = YES;
				GCC_WARN_UNUSED_VARIABLE = YES;
				IPHONEOS_DEPLOYMENT_TARGET = 15.2;
				MTL_ENABLE_DEBUG_INFO = INCLUDE_SOURCE;
				MTL_FAST_MATH = YES;
				ONLY_ACTIVE_ARCH = YES;
				SDKROOT = iphoneos;
				SWIFT_ACTIVE_COMPILATION_CONDITIONS = DEBUG;
				SWIFT_OPTIMIZATION_LEVEL = "-Onone";
			};
			name = Debug;
		};
		031AAD2127D79ABF004BD68D /* Release */ = {
			isa = XCBuildConfiguration;
			buildSettings = {
				ALWAYS_SEARCH_USER_PATHS = NO;
				CLANG_ANALYZER_NONNULL = YES;
				CLANG_ANALYZER_NUMBER_OBJECT_CONVERSION = YES_AGGRESSIVE;
				CLANG_CXX_LANGUAGE_STANDARD = "gnu++17";
				CLANG_CXX_LIBRARY = "libc++";
				CLANG_ENABLE_MODULES = YES;
				CLANG_ENABLE_OBJC_ARC = YES;
				CLANG_ENABLE_OBJC_WEAK = YES;
				CLANG_WARN_BLOCK_CAPTURE_AUTORELEASING = YES;
				CLANG_WARN_BOOL_CONVERSION = YES;
				CLANG_WARN_COMMA = YES;
				CLANG_WARN_CONSTANT_CONVERSION = YES;
				CLANG_WARN_DEPRECATED_OBJC_IMPLEMENTATIONS = YES;
				CLANG_WARN_DIRECT_OBJC_ISA_USAGE = YES_ERROR;
				CLANG_WARN_DOCUMENTATION_COMMENTS = YES;
				CLANG_WARN_EMPTY_BODY = YES;
				CLANG_WARN_ENUM_CONVERSION = YES;
				CLANG_WARN_INFINITE_RECURSION = YES;
				CLANG_WARN_INT_CONVERSION = YES;
				CLANG_WARN_NON_LITERAL_NULL_CONVERSION = YES;
				CLANG_WARN_OBJC_IMPLICIT_RETAIN_SELF = YES;
				CLANG_WARN_OBJC_LITERAL_CONVERSION = YES;
				CLANG_WARN_OBJC_ROOT_CLASS = YES_ERROR;
				CLANG_WARN_QUOTED_INCLUDE_IN_FRAMEWORK_HEADER = YES;
				CLANG_WARN_RANGE_LOOP_ANALYSIS = YES;
				CLANG_WARN_STRICT_PROTOTYPES = YES;
				CLANG_WARN_SUSPICIOUS_MOVE = YES;
				CLANG_WARN_UNGUARDED_AVAILABILITY = YES_AGGRESSIVE;
				CLANG_WARN_UNREACHABLE_CODE = YES;
				CLANG_WARN__DUPLICATE_METHOD_MATCH = YES;
				COPY_PHASE_STRIP = NO;
				DEBUG_INFORMATION_FORMAT = "dwarf-with-dsym";
				ENABLE_NS_ASSERTIONS = NO;
				ENABLE_STRICT_OBJC_MSGSEND = YES;
				GCC_C_LANGUAGE_STANDARD = gnu11;
				GCC_NO_COMMON_BLOCKS = YES;
				GCC_WARN_64_TO_32_BIT_CONVERSION = YES;
				GCC_WARN_ABOUT_RETURN_TYPE = YES_ERROR;
				GCC_WARN_UNDECLARED_SELECTOR = YES;
				GCC_WARN_UNINITIALIZED_AUTOS = YES_AGGRESSIVE;
				GCC_WARN_UNUSED_FUNCTION = YES;
				GCC_WARN_UNUSED_VARIABLE = YES;
				IPHONEOS_DEPLOYMENT_TARGET = 15.2;
				MTL_ENABLE_DEBUG_INFO = NO;
				MTL_FAST_MATH = YES;
				SDKROOT = iphoneos;
				SWIFT_COMPILATION_MODE = wholemodule;
				SWIFT_OPTIMIZATION_LEVEL = "-O";
				VALIDATE_PRODUCT = YES;
			};
			name = Release;
		};
		031AAD2327D79ABF004BD68D /* Debug */ = {
			isa = XCBuildConfiguration;
			buildSettings = {
				ASSETCATALOG_COMPILER_APPICON_NAME = AppIcon;
				ASSETCATALOG_COMPILER_GLOBAL_ACCENT_COLOR_NAME = AccentColor;
				CODE_SIGN_STYLE = Automatic;
				CURRENT_PROJECT_VERSION = 1;
				DEVELOPMENT_TEAM = T4L6XK5D47;
				GENERATE_INFOPLIST_FILE = YES;
				INFOPLIST_FILE = CurrencyApp/Info.plist;
				INFOPLIST_KEY_UIApplicationSupportsIndirectInputEvents = YES;
				INFOPLIST_KEY_UILaunchStoryboardName = LaunchScreen;
				INFOPLIST_KEY_UIMainStoryboardFile = Main;
				INFOPLIST_KEY_UISupportedInterfaceOrientations_iPad = "UIInterfaceOrientationPortrait UIInterfaceOrientationPortraitUpsideDown UIInterfaceOrientationLandscapeLeft UIInterfaceOrientationLandscapeRight";
				INFOPLIST_KEY_UISupportedInterfaceOrientations_iPhone = "UIInterfaceOrientationPortrait UIInterfaceOrientationLandscapeLeft UIInterfaceOrientationLandscapeRight";
				LD_RUNPATH_SEARCH_PATHS = (
					"$(inherited)",
					"@executable_path/Frameworks",
				);
				MARKETING_VERSION = 1.0;
				PRODUCT_BUNDLE_IDENTIFIER = com.alperdemir.CurrencyApp;
				PRODUCT_NAME = "$(TARGET_NAME)";
				SWIFT_EMIT_LOC_STRINGS = YES;
				SWIFT_VERSION = 5.0;
				TARGETED_DEVICE_FAMILY = "1,2";
			};
			name = Debug;
		};
		031AAD2427D79ABF004BD68D /* Release */ = {
			isa = XCBuildConfiguration;
			buildSettings = {
				ASSETCATALOG_COMPILER_APPICON_NAME = AppIcon;
				ASSETCATALOG_COMPILER_GLOBAL_ACCENT_COLOR_NAME = AccentColor;
				CODE_SIGN_STYLE = Automatic;
				CURRENT_PROJECT_VERSION = 1;
				DEVELOPMENT_TEAM = T4L6XK5D47;
				GENERATE_INFOPLIST_FILE = YES;
				INFOPLIST_FILE = CurrencyApp/Info.plist;
				INFOPLIST_KEY_UIApplicationSupportsIndirectInputEvents = YES;
				INFOPLIST_KEY_UILaunchStoryboardName = LaunchScreen;
				INFOPLIST_KEY_UIMainStoryboardFile = Main;
				INFOPLIST_KEY_UISupportedInterfaceOrientations_iPad = "UIInterfaceOrientationPortrait UIInterfaceOrientationPortraitUpsideDown UIInterfaceOrientationLandscapeLeft UIInterfaceOrientationLandscapeRight";
				INFOPLIST_KEY_UISupportedInterfaceOrientations_iPhone = "UIInterfaceOrientationPortrait UIInterfaceOrientationLandscapeLeft UIInterfaceOrientationLandscapeRight";
				LD_RUNPATH_SEARCH_PATHS = (
					"$(inherited)",
					"@executable_path/Frameworks",
				);
				MARKETING_VERSION = 1.0;
				PRODUCT_BUNDLE_IDENTIFIER = com.alperdemir.CurrencyApp;
				PRODUCT_NAME = "$(TARGET_NAME)";
				SWIFT_EMIT_LOC_STRINGS = YES;
				SWIFT_VERSION = 5.0;
				TARGETED_DEVICE_FAMILY = "1,2";
			};
			name = Release;
		};
/* End XCBuildConfiguration section */

/* Begin XCConfigurationList section */
		031AAD0927D79ABD004BD68D /* Build configuration list for PBXProject "CurrencyApp" */ = {
			isa = XCConfigurationList;
			buildConfigurations = (
				031AAD2027D79ABF004BD68D /* Debug */,
				031AAD2127D79ABF004BD68D /* Release */,
			);
			defaultConfigurationIsVisible = 0;
			defaultConfigurationName = Release;
		};
		031AAD2227D79ABF004BD68D /* Build configuration list for PBXNativeTarget "CurrencyApp" */ = {
			isa = XCConfigurationList;
			buildConfigurations = (
				031AAD2327D79ABF004BD68D /* Debug */,
				031AAD2427D79ABF004BD68D /* Release */,
			);
			defaultConfigurationIsVisible = 0;
			defaultConfigurationName = Release;
		};
/* End XCConfigurationList section */
	};
	rootObject = 031AAD0627D79ABD004BD68D /* Project object */;
}
